
Microsoft Visual Studio Solution File, Format Version 12.00
# Visual Studio Version 16
VisualStudioVersion = 16.0.30114.105
MinimumVisualStudioVersion = 10.0.40219.1
Project("{FAE04EC0-301F-11D3-BF4B-00C04F79EFBC}") = "BlazorApp1", "BlazorApp1\BlazorApp1.csproj", "{37ED4000-A069-4BE0-937C-16EF61D41BB1}"
EndProject
Global
	GlobalSection(SolutionConfigurationPlatforms) = preSolution
		Debug|Any CPU = Debug|Any CPU
		Release|Any CPU = Release|Any CPU
	EndGlobalSection
	GlobalSection(ProjectConfigurationPlatforms) = postSolution
		{37ED4000-A069-4BE0-937C-16EF61D41BB1}.Debug|Any CPU.ActiveCfg = Debug|Any CPU
		{37ED4000-A069-4BE0-937C-16EF61D41BB1}.Debug|Any CPU.Build.0 = Debug|Any CPU
		{37ED4000-A069-4BE0-937C-16EF61D41BB1}.Release|Any CPU.ActiveCfg = Release|Any CPU
		{37ED4000-A069-4BE0-937C-16EF61D41BB1}.Release|Any CPU.Build.0 = Release|Any CPU
	EndGlobalSection
	GlobalSection(SolutionProperties) = preSolution
		HideSolutionNode = FALSE
	EndGlobalSection
	GlobalSection(ExtensibilityGlobals) = postSolution
		SolutionGuid = {BAF47CE6-A665-4709-B06F-411117D8D0AD}
	EndGlobalSection
EndGlobal
