
Microsoft Visual Studio Solution File, Format Version 12.00
# Visual Studio 15
VisualStudioVersion = 15.0.27130.2027
MinimumVisualStudioVersion = 10.0.40219.1
Project("{FAE04EC0-301F-11D3-BF4B-00C04F79EFBC}") = "WebApplication1", "WebApplication1\WebApplication1.csproj", "{A9558020-7FEB-447B-9F67-828451F9B049}"
EndProject
Project("{FAE04EC0-301F-11D3-BF4B-00C04F79EFBC}") = "XUnitTestProject1", "XUnitTestProject1\XUnitTestProject1.csproj", "{91739ACB-6C16-4462-AD80-A80F41F563CE}"
EndProject
Global
	GlobalSection(SolutionConfigurationPlatforms) = preSolution
		Debug|Any CPU = Debug|Any CPU
		Release|Any CPU = Release|Any CPU
	EndGlobalSection
	GlobalSection(ProjectConfigurationPlatforms) = postSolution
		{A9558020-7FEB-447B-9F67-828451F9B049}.Debug|Any CPU.ActiveCfg = Debug|Any CPU
		{A9558020-7FEB-447B-9F67-828451F9B049}.Debug|Any CPU.Build.0 = Debug|Any CPU
		{A9558020-7FEB-447B-9F67-828451F9B049}.Release|Any CPU.ActiveCfg = Release|Any CPU
		{A9558020-7FEB-447B-9F67-828451F9B049}.Release|Any CPU.Build.0 = Release|Any CPU
		{91739ACB-6C16-4462-AD80-A80F41F563CE}.Debug|Any CPU.ActiveCfg = Debug|Any CPU
		{91739ACB-6C16-4462-AD80-A80F41F563CE}.Debug|Any CPU.Build.0 = Debug|Any CPU
		{91739ACB-6C16-4462-AD80-A80F41F563CE}.Release|Any CPU.ActiveCfg = Release|Any CPU
		{91739ACB-6C16-4462-AD80-A80F41F563CE}.Release|Any CPU.Build.0 = Release|Any CPU
	EndGlobalSection
	GlobalSection(SolutionProperties) = preSolution
		HideSolutionNode = FALSE
	EndGlobalSection
	GlobalSection(ExtensibilityGlobals) = postSolution
		SolutionGuid = {2A84E1A9-036D-4DC3-83FD-58D5D40030F9}
	EndGlobalSection
EndGlobal
