
Microsoft Visual Studio Solution File, Format Version 12.00
# Visual Studio 15
VisualStudioVersion = 15.0.27703.2026
MinimumVisualStudioVersion = 10.0.40219.1
Project("{FAE04EC0-301F-11D3-BF4B-00C04F79EFBC}") = "HelloDotnetCoreTool", "HelloDotnetCoreTool\HelloDotnetCoreTool.csproj", "{5FA8C79A-E96D-41F4-A4F3-0FFCD6CB25A3}"
EndProject
Global
	GlobalSection(SolutionConfigurationPlatforms) = preSolution
		Debug|Any CPU = Debug|Any CPU
		Release|Any CPU = Release|Any CPU
	EndGlobalSection
	GlobalSection(ProjectConfigurationPlatforms) = postSolution
		{5FA8C79A-E96D-41F4-A4F3-0FFCD6CB25A3}.Debug|Any CPU.ActiveCfg = Debug|Any CPU
		{5FA8C79A-E96D-41F4-A4F3-0FFCD6CB25A3}.Debug|Any CPU.Build.0 = Debug|Any CPU
		{5FA8C79A-E96D-41F4-A4F3-0FFCD6CB25A3}.Release|Any CPU.ActiveCfg = Release|Any CPU
		{5FA8C79A-E96D-41F4-A4F3-0FFCD6CB25A3}.Release|Any CPU.Build.0 = Release|Any CPU
	EndGlobalSection
	GlobalSection(SolutionProperties) = preSolution
		HideSolutionNode = FALSE
	EndGlobalSection
	GlobalSection(ExtensibilityGlobals) = postSolution
		SolutionGuid = {31A6031A-A123-4E8B-89C5-0ECFE8BA0C5D}
	EndGlobalSection
EndGlobal
