
Microsoft Visual Studio Solution File, Format Version 12.00
# Visual Studio Version 16
VisualStudioVersion = 16.0.29318.209
MinimumVisualStudioVersion = 10.0.40219.1
Project("{9A19103F-16F7-4668-BE54-9A1E7A4F7556}") = "AspNetCoregRpcService", "src\AspNetCoregRpcService\AspNetCoregRpcService.csproj", "{AF9A27C2-4817-4727-866B-3C55D6069ECD}"
EndProject
Project("{FAE04EC0-301F-11D3-BF4B-00C04F79EFBC}") = "AspNetCoreGrpcClient", "src\AspNetCoreGrpcClient\AspNetCoreGrpcClient.csproj", "{C2F3D80F-0EF8-4745-B24E-8067E756AA9A}"
EndProject
Global
	GlobalSection(SolutionConfigurationPlatforms) = preSolution
		Debug|Any CPU = Debug|Any CPU
		Release|Any CPU = Release|Any CPU
	EndGlobalSection
	GlobalSection(ProjectConfigurationPlatforms) = postSolution
		{AF9A27C2-4817-4727-866B-3C55D6069ECD}.Debug|Any CPU.ActiveCfg = Debug|Any CPU
		{AF9A27C2-4817-4727-866B-3C55D6069ECD}.Debug|Any CPU.Build.0 = Debug|Any CPU
		{AF9A27C2-4817-4727-866B-3C55D6069ECD}.Release|Any CPU.ActiveCfg = Release|Any CPU
		{AF9A27C2-4817-4727-866B-3C55D6069ECD}.Release|Any CPU.Build.0 = Release|Any CPU
		{C2F3D80F-0EF8-4745-B24E-8067E756AA9A}.Debug|Any CPU.ActiveCfg = Debug|Any CPU
		{C2F3D80F-0EF8-4745-B24E-8067E756AA9A}.Debug|Any CPU.Build.0 = Debug|Any CPU
		{C2F3D80F-0EF8-4745-B24E-8067E756AA9A}.Release|Any CPU.ActiveCfg = Release|Any CPU
		{C2F3D80F-0EF8-4745-B24E-8067E756AA9A}.Release|Any CPU.Build.0 = Release|Any CPU
	EndGlobalSection
	GlobalSection(SolutionProperties) = preSolution
		HideSolutionNode = FALSE
	EndGlobalSection
	GlobalSection(ExtensibilityGlobals) = postSolution
		SolutionGuid = {647ABFAA-77C8-4C17-AC36-3CDD3B4FBB3C}
	EndGlobalSection
EndGlobal
