
Microsoft Visual Studio Solution File, Format Version 12.00
# Visual Studio 15
VisualStudioVersion = 15.0.27703.2026
MinimumVisualStudioVersion = 10.0.40219.1
Project("{FAE04EC0-301F-11D3-BF4B-00C04F79EFBC}") = "AspNetCore.Docker", "AspNetCore.Docker\AspNetCore.Docker.csproj", "{307ED446-5D70-4195-A18B-B167BB0C4E58}"
EndProject
Global
	GlobalSection(SolutionConfigurationPlatforms) = preSolution
		Debug|Any CPU = Debug|Any CPU
		Release|Any CPU = Release|Any CPU
	EndGlobalSection
	GlobalSection(ProjectConfigurationPlatforms) = postSolution
		{307ED446-5D70-4195-A18B-B167BB0C4E58}.Debug|Any CPU.ActiveCfg = Debug|Any CPU
		{307ED446-5D70-4195-A18B-B167BB0C4E58}.Debug|Any CPU.Build.0 = Debug|Any CPU
		{307ED446-5D70-4195-A18B-B167BB0C4E58}.Release|Any CPU.ActiveCfg = Release|Any CPU
		{307ED446-5D70-4195-A18B-B167BB0C4E58}.Release|Any CPU.Build.0 = Release|Any CPU
	EndGlobalSection
	GlobalSection(SolutionProperties) = preSolution
		HideSolutionNode = FALSE
	EndGlobalSection
	GlobalSection(ExtensibilityGlobals) = postSolution
		SolutionGuid = {A776C62C-2C6B-4CB2-8A47-2866ACD718FB}
	EndGlobalSection
EndGlobal
